// !$*UTF8*$!
{
	archiveVersion = 1;
	classes = {
	};
	objectVersion = 46;
	objects = {

/* Begin PBXBuildFile section */
		98E237FD1C92E8F8005101F5 /* main.m in Sources */ = {isa = PBXBuildFile; fileRef = 98E237FC1C92E8F8005101F5 /* main.m */; };
		98E238001C92E8F8005101F5 /* AppDelegate.m in Sources */ = {isa = PBXBuildFile; fileRef = 98E237FF1C92E8F8005101F5 /* AppDelegate.m */; };
		98E238031C92E8F8005101F5 /* ViewController.m in Sources */ = {isa = PBXBuildFile; fileRef = 98E238021C92E8F8005101F5 /* ViewController.m */; };
		98E238061C92E8F8005101F5 /* Main.storyboard in Resources */ = {isa = PBXBuildFile; fileRef = 98E238041C92E8F8005101F5 /* Main.storyboard */; };
		98E238081C92E8F8005101F5 /* Assets.xcassets in Resources */ = {isa = PBXBuildFile; fileRef = 98E238071C92E8F8005101F5 /* Assets.xcassets */; };
		98E2380B1C92E8F8005101F5 /* LaunchScreen.storyboard in Resources */ = {isa = PBXBuildFile; fileRef = 98E238091C92E8F8005101F5 /* LaunchScreen.storyboard */; };
/* End PBXBuildFile section */

/* Begin PBXFileReference section */
		98E237F81C92E8F8005101F5 /* NetworkingTest8.app */ = {isa = PBXFileReference; explicitFileType = wrapper.application; includeInIndex = 0; path = NetworkingTest8.app; sourceTree = BUILT_PRODUCTS_DIR; };
		98E237FC1C92E8F8005101F5 /* main.m */ = {isa = PBXFileReference; lastKnownFileType = sourcecode.c.objc; path = main.m; sourceTree = "<group>"; };
		98E237FE1C92E8F8005101F5 /* AppDelegate.h */ = {isa = PBXFileReference; lastKnownFileType = sourcecode.c.h; path = AppDelegate.h; sourceTree = "<group>"; };
		98E237FF1C92E8F8005101F5 /* AppDelegate.m */ = {isa = PBXFileReference; lastKnownFileType = sourcecode.c.objc; path = AppDelegate.m; sourceTree = "<group>"; };
		98E238011C92E8F8005101F5 /* ViewController.h */ = {isa = PBXFileReference; lastKnownFileType = sourcecode.c.h; path = ViewController.h; sourceTree = "<group>"; };
		98E238021C92E8F8005101F5 /* ViewController.m */ = {isa = PBXFileReference; lastKnownFileType = sourcecode.c.objc; path = ViewController.m; sourceTree = "<group>"; };
		98E238051C92E8F8005101F5 /* Base */ = {isa = PBXFileReference; lastKnownFileType = file.storyboard; name = Base; path = Base.lproj/Main.storyboard; sourceTree = "<group>"; };
		98E238071C92E8F8005101F5 /* Assets.xcassets */ = {isa = PBXFileReference; lastKnownFileType = folder.assetcatalog; path = Assets.xcassets; sourceTree = "<group>"; };
		98E2380A1C92E8F8005101F5 /* Base */ = {isa = PBXFileReference; lastKnownFileType = file.storyboard; name = Base; path = Base.lproj/LaunchScreen.storyboard; sourceTree = "<group>"; };
		98E2380C1C92E8F8005101F5 /* Info.plist */ = {isa = PBXFileReference; lastKnownFileType = text.plist.xml; path = Info.plist; sourceTree = "<group>"; };
/* End PBXFileReference section */

/* Begin PBXFrameworksBuildPhase section */
		98E237F51C92E8F8005101F5 /* Frameworks */ = {
			isa = PBXFrameworksBuildPhase;
			buildActionMask = 2147483647;
			files = (
			);
			runOnlyForDeploymentPostprocessing = 0;
		};
/* End PBXFrameworksBuildPhase section */

/* Begin PBXGroup section */
		98E237EF1C92E8F8005101F5 = {
			isa = PBXGroup;
			children = (
				98E237FA1C92E8F8005101F5 /* NetworkingTest8 */,
				98E237F91C92E8F8005101F5 /* Products */,
			);
			sourceTree = "<group>";
		};
		98E237F91C92E8F8005101F5 /* Products */ = {
			isa = PBXGroup;
			children = (
				98E237F81C92E8F8005101F5 /* NetworkingTest8.app */,
			);
			name = Products;
			sourceTree = "<group>";
		};
		98E237FA1C92E8F8005101F5 /* NetworkingTest8 */ = {
			isa = PBXGroup;
			children = (
				98E237FE1C92E8F8005101F5 /* AppDelegate.h */,
				98E237FF1C92E8F8005101F5 /* AppDelegate.m */,
				98E238011C92E8F8005101F5 /* ViewController.h */,
				98E238021C92E8F8005101F5 /* ViewController.m */,
				98E238041C92E8F8005101F5 /* Main.storyboard */,
				98E238071C92E8F8005101F5 /* Assets.xcassets */,
				98E238091C92E8F8005101F5 /* LaunchScreen.storyboard */,
				98E2380C1C92E8F8005101F5 /* Info.plist */,
				98E237FB1C92E8F8005101F5 /* Supporting Files */,
			);
			path = NetworkingTest8;
			sourceTree = "<group>";
		};
		98E237FB1C92E8F8005101F5 /* Supporting Files */ = {
			isa = PBXGroup;
			children = (
				98E237FC1C92E8F8005101F5 /* main.m */,
			);
			name = "Supporting Files";
			sourceTree = "<group>";
		};
/* End PBXGroup section */

/* Begin PBXNativeTarget section */
		98E237F71C92E8F8005101F5 /* NetworkingTest8 */ = {
			isa = PBXNativeTarget;
			buildConfigurationList = 98E2380F1C92E8F8005101F5 /* Build configuration list for PBXNativeTarget "NetworkingTest8" */;
			buildPhases = (
				98E237F41C92E8F8005101F5 /* Sources */,
				98E237F51C92E8F8005101F5 /* Frameworks */,
				98E237F61C92E8F8005101F5 /* Resources */,
			);
			buildRules = (
			);
			dependencies = (
			);
			name = NetworkingTest8;
			productName = NetworkingTest8;
			productReference = 98E237F81C92E8F8005101F5 /* NetworkingTest8.app */;
			productType = "com.apple.product-type.application";
		};
/* End PBXNativeTarget section */

/* Begin PBXProject section */
		98E237F01C92E8F8005101F5 /* Project object */ = {
			isa = PBXProject;
			attributes = {
				LastUpgradeCheck = 0710;
				ORGANIZATIONNAME = "Alisa Denisova";
				TargetAttributes = {
					98E237F71C92E8F8005101F5 = {
						CreatedOnToolsVersion = 7.1.1;
						DevelopmentTeam = Q9HAAM687G;
					};
				};
			};
			buildConfigurationList = 98E237F31C92E8F8005101F5 /* Build configuration list for PBXProject "NetworkingTest8" */;
			compatibilityVersion = "Xcode 3.2";
			developmentRegion = English;
			hasScannedForEncodings = 0;
			knownRegions = (
				en,
				Base,
			);
			mainGroup = 98E237EF1C92E8F8005101F5;
			productRefGroup = 98E237F91C92E8F8005101F5 /* Products */;
			projectDirPath = "";
			projectRoot = "";
			targets = (
				98E237F71C92E8F8005101F5 /* NetworkingTest8 */,
			);
		};
/* End PBXProject section */

/* Begin PBXResourcesBuildPhase section */
		98E237F61C92E8F8005101F5 /* Resources */ = {
			isa = PBXResourcesBuildPhase;
			buildActionMask = 2147483647;
			files = (
				98E2380B1C92E8F8005101F5 /* LaunchScreen.storyboard in Resources */,
				98E238081C92E8F8005101F5 /* Assets.xcassets in Resources */,
				98E238061C92E8F8005101F5 /* Main.storyboard in Resources */,
			);
			runOnlyForDeploymentPostprocessing = 0;
		};
/* End PBXResourcesBuildPhase section */

/* Begin PBXSourcesBuildPhase section */
		98E237F41C92E8F8005101F5 /* Sources */ = {
			isa = PBXSourcesBuildPhase;
			buildActionMask = 2147483647;
			files = (
				98E238031C92E8F8005101F5 /* ViewController.m in Sources */,
				98E238001C92E8F8005101F5 /* AppDelegate.m in Sources */,
				98E237FD1C92E8F8005101F5 /* main.m in Sources */,
			);
			runOnlyForDeploymentPostprocessing = 0;
		};
/* End PBXSourcesBuildPhase section */

/* Begin PBXVariantGroup section */
		98E238041C92E8F8005101F5 /* Main.storyboard */ = {
			isa = PBXVariantGroup;
			children = (
				98E238051C92E8F8005101F5 /* Base */,
			);
			name = Main.storyboard;
			sourceTree = "<group>";
		};
		98E238091C92E8F8005101F5 /* LaunchScreen.storyboard */ = {
			isa = PBXVariantGroup;
			children = (
				98E2380A1C92E8F8005101F5 /* Base */,
			);
			name = LaunchScreen.storyboard;
			sourceTree = "<group>";
		};
/* End PBXVariantGroup section */

/* Begin XCBuildConfiguration section */
		98E2380D1C92E8F8005101F5 /* Debug */ = {
			isa = XCBuildConfiguration;
			buildSettings = {
				ALWAYS_SEARCH_USER_PATHS = NO;
				CLANG_CXX_LANGUAGE_STANDARD = "gnu++0x";
				CLANG_CXX_LIBRARY = "libc++";
				CLANG_ENABLE_MODULES = YES;
				CLANG_ENABLE_OBJC_ARC = YES;
				CLANG_WARN_BOOL_CONVERSION = YES;
				CLANG_WARN_CONSTANT_CONVERSION = YES;
				CLANG_WARN_DIRECT_OBJC_ISA_USAGE = YES_ERROR;
				CLANG_WARN_EMPTY_BODY = YES;
				CLANG_WARN_ENUM_CONVERSION = YES;
				CLANG_WARN_INT_CONVERSION = YES;
				CLANG_WARN_OBJC_ROOT_CLASS = YES_ERROR;
				CLANG_WARN_UNREACHABLE_CODE = YES;
				CLANG_WARN__DUPLICATE_METHOD_MATCH = YES;
				"CODE_SIGN_IDENTITY[sdk=iphoneos*]" = "iPhone Developer";
				COPY_PHASE_STRIP = NO;
				DEBUG_INFORMATION_FORMAT = dwarf;
				ENABLE_STRICT_OBJC_MSGSEND = YES;
				ENABLE_TESTABILITY = YES;
				GCC_C_LANGUAGE_STANDARD = gnu99;
				GCC_DYNAMIC_NO_PIC = NO;
				GCC_NO_COMMON_BLOCKS = YES;
				GCC_OPTIMIZATION_LEVEL = 0;
				GCC_PREPROCESSOR_DEFINITIONS = (
					"DEBUG=1",
					"$(inherited)",
				);
				GCC_WARN_64_TO_32_BIT_CONVERSION = YES;
				GCC_WARN_ABOUT_RETURN_TYPE = YES_ERROR;
				GCC_WARN_UNDECLARED_SELECTOR = YES;
				GCC_WARN_UNINITIALIZED_AUTOS = YES_AGGRESSIVE;
				GCC_WARN_UNUSED_FUNCTION = YES;
				GCC_WARN_UNUSED_VARIABLE = YES;
				IPHONEOS_DEPLOYMENT_TARGET = 9.1;
				MTL_ENABLE_DEBUG_INFO = YES;
				ONLY_ACTIVE_ARCH = YES;
				SDKROOT = iphoneos;
			};
			name = Debug;
		};
		98E2380E1C92E8F8005101F5 /* Release */ = {
			isa = XCBuildConfiguration;
			buildSettings = {
				ALWAYS_SEARCH_USER_PATHS = NO;
				CLANG_CXX_LANGUAGE_STANDARD = "gnu++0x";
				CLANG_CXX_LIBRARY = "libc++";
				CLANG_ENABLE_MODULES = YES;
				CLANG_ENABLE_OBJC_ARC = YES;
				CLANG_WARN_BOOL_CONVERSION = YES;
				CLANG_WARN_CONSTANT_CONVERSION = YES;
				CLANG_WARN_DIRECT_OBJC_ISA_USAGE = YES_ERROR;
				CLANG_WARN_EMPTY_BODY = YES;
				CLANG_WARN_ENUM_CONVERSION = YES;
				CLANG_WARN_INT_CONVERSION = YES;
				CLANG_WARN_OBJC_ROOT_CLASS = YES_ERROR;
				CLANG_WARN_UNREACHABLE_CODE = YES;
				CLANG_WARN__DUPLICATE_METHOD_MATCH = YES;
				"CODE_SIGN_IDENTITY[sdk=iphoneos*]" = "iPhone Developer";
				COPY_PHASE_STRIP = NO;
				DEBUG_INFORMATION_FORMAT = "dwarf-with-dsym";
				ENABLE_NS_ASSERTIONS = NO;
				ENABLE_STRICT_OBJC_MSGSEND = YES;
				GCC_C_LANGUAGE_STANDARD = gnu99;
				GCC_NO_COMMON_BLOCKS = YES;
				GCC_WARN_64_TO_32_BIT_CONVERSION = YES;
				GCC_WARN_ABOUT_RETURN_TYPE = YES_ERROR;
				GCC_WARN_UNDECLARED_SELECTOR = YES;
				GCC_WARN_UNINITIALIZED_AUTOS = YES_AGGRESSIVE;
				GCC_WARN_UNUSED_FUNCTION = YES;
				GCC_WARN_UNUSED_VARIABLE = YES;
				IPHONEOS_DEPLOYMENT_TARGET = 9.1;
				MTL_ENABLE_DEBUG_INFO = NO;
				SDKROOT = iphoneos;
				VALIDATE_PRODUCT = YES;
			};
			name = Release;
		};
		98E238101C92E8F8005101F5 /* Debug */ = {
			isa = XCBuildConfiguration;
			buildSettings = {
				ASSETCATALOG_COMPILER_APPICON_NAME = AppIcon;
				INFOPLIST_FILE = NetworkingTest8/Info.plist;
				LD_RUNPATH_SEARCH_PATHS = "$(inherited) @executable_path/Frameworks";
				PRODUCT_BUNDLE_IDENTIFIER = com.alisadenisova.NetworkingTest8;
				PRODUCT_NAME = "$(TARGET_NAME)";
			};
			name = Debug;
		};
		98E238111C92E8F8005101F5 /* Release */ = {
			isa = XCBuildConfiguration;
			buildSettings = {
				ASSETCATALOG_COMPILER_APPICON_NAME = AppIcon;
				INFOPLIST_FILE = NetworkingTest8/Info.plist;
				LD_RUNPATH_SEARCH_PATHS = "$(inherited) @executable_path/Frameworks";
				PRODUCT_BUNDLE_IDENTIFIER = com.alisadenisova.NetworkingTest8;
				PRODUCT_NAME = "$(TARGET_NAME)";
			};
			name = Release;
		};
/* End XCBuildConfiguration section */

/* Begin XCConfigurationList section */
		98E237F31C92E8F8005101F5 /* Build configuration list for PBXProject "NetworkingTest8" */ = {
			isa = XCConfigurationList;
			buildConfigurations = (
				98E2380D1C92E8F8005101F5 /* Debug */,
				98E2380E1C92E8F8005101F5 /* Release */,
			);
			defaultConfigurationIsVisible = 0;
			defaultConfigurationName = Release;
		};
		98E2380F1C92E8F8005101F5 /* Build configuration list for PBXNativeTarget "NetworkingTest8" */ = {
			isa = XCConfigurationList;
			buildConfigurations = (
				98E238101C92E8F8005101F5 /* Debug */,
				98E238111C92E8F8005101F5 /* Release */,
			);
			defaultConfigurationIsVisible = 0;
		};
/* End XCConfigurationList section */
	};
	rootObject = 98E237F01C92E8F8005101F5 /* Project object */;
}
